
Microsoft Visual Studio Solution File, Format Version 12.00
# Visual Studio Version 16
VisualStudioVersion = 16.0.29806.167
MinimumVisualStudioVersion = 10.0.40219.1
Project("{9A19103F-16F7-4668-BE54-9A1E7A4F7556}") = "Iterator", "Iterator.csproj", "{8D3E5E79-EE8C-4C1E-A89E-DB5FF80D379B}"
EndProject
Global
	GlobalSection(SolutionConfigurationPlatforms) = preSolution
		Debug|Any CPU = Debug|Any CPU
		Release|Any CPU = Release|Any CPU
	EndGlobalSection
	GlobalSection(ProjectConfigurationPlatforms) = postSolution
		{8D3E5E79-EE8C-4C1E-A89E-DB5FF80D379B}.Debug|Any CPU.ActiveCfg = Debug|Any CPU
		{8D3E5E79-EE8C-4C1E-A89E-DB5FF80D379B}.Debug|Any CPU.Build.0 = Debug|Any CPU
		{8D3E5E79-EE8C-4C1E-A89E-DB5FF80D379B}.Release|Any CPU.ActiveCfg = Release|Any CPU
		{8D3E5E79-EE8C-4C1E-A89E-DB5FF80D379B}.Release|Any CPU.Build.0 = Release|Any CPU
	EndGlobalSection
	GlobalSection(SolutionProperties) = preSolution
		HideSolutionNode = FALSE
	EndGlobalSection
	GlobalSection(ExtensibilityGlobals) = postSolution
		SolutionGuid = {45080408-8B88-4DB1-BF13-2BB04D0C4343}
	EndGlobalSection
EndGlobal
